// !$*UTF8*$!
{
	archiveVersion = 1;
	classes = {
	};
	objectVersion = 50;
	objects = {

/* Begin PBXBuildFile section */
		212A1E8A24B7664C002C147F /* PlantDetailView.swift in Sources */ = {isa = PBXBuildFile; fileRef = 212A1E8924B7664C002C147F /* PlantDetailView.swift */; };
		212A1E8C24B893F7002C147F /* CareTaskLog.swift in Sources */ = {isa = PBXBuildFile; fileRef = 212A1E8B24B893F7002C147F /* CareTaskLog.swift */; };
		212A1E9124BD2143002C147F /* CareActivityList.swift in Sources */ = {isa = PBXBuildFile; fileRef = 212A1E9024BD2143002C147F /* CareActivityList.swift */; };
		212A1E9324BD4BC8002C147F /* RootView.swift in Sources */ = {isa = PBXBuildFile; fileRef = 212A1E9224BD4BC7002C147F /* RootView.swift */; };
		212A1E9524BD4EA5002C147F /* Color+SystemColor.swift in Sources */ = {isa = PBXBuildFile; fileRef = 212A1E9424BD4EA5002C147F /* Color+SystemColor.swift */; };
		212A1E9824BE0F05002C147F /* InsetGroupedSection.swift in Sources */ = {isa = PBXBuildFile; fileRef = 212A1E9724BE0F05002C147F /* InsetGroupedSection.swift */; };
		212A1E9A24BE0FAF002C147F /* ListRow.swift in Sources */ = {isa = PBXBuildFile; fileRef = 212A1E9924BE0FAF002C147F /* ListRow.swift */; };
		212A1E9C24BE1137002C147F /* StatCell.swift in Sources */ = {isa = PBXBuildFile; fileRef = 212A1E9B24BE1137002C147F /* StatCell.swift */; };
		2193552824BF2C1900F38392 /* UITextFieldWrapper.swift in Sources */ = {isa = PBXBuildFile; fileRef = 2193552724BF2C1900F38392 /* UITextFieldWrapper.swift */; };
		2193552A24C07CC600F38392 /* IntervalPicker.swift in Sources */ = {isa = PBXBuildFile; fileRef = 2193552924C07CC600F38392 /* IntervalPicker.swift */; };
		2193552C24C1217E00F38392 /* CareInterval.swift in Sources */ = {isa = PBXBuildFile; fileRef = 2193552B24C1217E00F38392 /* CareInterval.swift */; };
		21BFB3B224B66E0800B94A72 /* AppDelegate.swift in Sources */ = {isa = PBXBuildFile; fileRef = 21BFB3B124B66E0800B94A72 /* AppDelegate.swift */; };
		21BFB3B424B66E0800B94A72 /* SceneDelegate.swift in Sources */ = {isa = PBXBuildFile; fileRef = 21BFB3B324B66E0800B94A72 /* SceneDelegate.swift */; };
		21BFB3B724B66E0800B94A72 /* Grow.xcdatamodeld in Sources */ = {isa = PBXBuildFile; fileRef = 21BFB3B524B66E0800B94A72 /* Grow.xcdatamodeld */; };
		21BFB3B924B66E0800B94A72 /* AllPlantsView.swift in Sources */ = {isa = PBXBuildFile; fileRef = 21BFB3B824B66E0800B94A72 /* AllPlantsView.swift */; };
		21BFB3BB24B66E0A00B94A72 /* Assets.xcassets in Resources */ = {isa = PBXBuildFile; fileRef = 21BFB3BA24B66E0A00B94A72 /* Assets.xcassets */; };
		21BFB3BE24B66E0A00B94A72 /* Preview Assets.xcassets in Resources */ = {isa = PBXBuildFile; fileRef = 21BFB3BD24B66E0A00B94A72 /* Preview Assets.xcassets */; };
		21BFB3C124B66E0A00B94A72 /* LaunchScreen.storyboard in Resources */ = {isa = PBXBuildFile; fileRef = 21BFB3BF24B66E0A00B94A72 /* LaunchScreen.storyboard */; };
		21BFB3F824B678DC00B94A72 /* GrowModel.swift in Sources */ = {isa = PBXBuildFile; fileRef = 21BFB3F324B678DB00B94A72 /* GrowModel.swift */; };
		21BFB3F924B678DC00B94A72 /* RelativeDateFormatter.swift in Sources */ = {isa = PBXBuildFile; fileRef = 21BFB3F524B678DC00B94A72 /* RelativeDateFormatter.swift */; };
		21BFB3FA24B678DC00B94A72 /* Formatters.swift in Sources */ = {isa = PBXBuildFile; fileRef = 21BFB3F624B678DC00B94A72 /* Formatters.swift */; };
		21BFB3FB24B678DC00B94A72 /* Plant.swift in Sources */ = {isa = PBXBuildFile; fileRef = 21BFB3F724B678DC00B94A72 /* Plant.swift */; };
		21BFB41524B67A5D00B94A72 /* CareIntervalTest.swift in Sources */ = {isa = PBXBuildFile; fileRef = 21BFB3FF24B6793500B94A72 /* CareIntervalTest.swift */; };
		21BFB41724B67A5D00B94A72 /* GrowModelTest.swift in Sources */ = {isa = PBXBuildFile; fileRef = 21BFB3FD24B6793500B94A72 /* GrowModelTest.swift */; };
		21C0C95324D0A39B0062BEA8 /* PlantsTaskList.swift in Sources */ = {isa = PBXBuildFile; fileRef = 21C0C95224D0A39B0062BEA8 /* PlantsTaskList.swift */; };
		21C0C95524D1C8240062BEA8 /* Date+Extension.swift in Sources */ = {isa = PBXBuildFile; fileRef = 21C0C95424D1C8240062BEA8 /* Date+Extension.swift */; };
		21DBE11724D5B6FB00D8CC9C /* GrowTaskCard.swift in Sources */ = {isa = PBXBuildFile; fileRef = 21DBE11624D5B6FB00D8CC9C /* GrowTaskCard.swift */; };
		21DC516D24C506A1007372B1 /* CareTask.swift in Sources */ = {isa = PBXBuildFile; fileRef = 21DC516C24C506A1007372B1 /* CareTask.swift */; };
		21DC517024C50AF2007372B1 /* CareTaskEditor.swift in Sources */ = {isa = PBXBuildFile; fileRef = 21DC516F24C50AF2007372B1 /* CareTaskEditor.swift */; };
		21E8883424D60EB300BC0EAC /* SegmentedPicker.swift in Sources */ = {isa = PBXBuildFile; fileRef = 21E8883324D60EB300BC0EAC /* SegmentedPicker.swift */; };
		21F49F7424CF809E00ECC828 /* PlantCell.swift in Sources */ = {isa = PBXBuildFile; fileRef = 21F49F7324CF809E00ECC828 /* PlantCell.swift */; };
		21F4C23224BF0E2300EB73E0 /* WeekPicker.swift in Sources */ = {isa = PBXBuildFile; fileRef = 21F4C23124BF0E2300EB73E0 /* WeekPicker.swift */; };
		21F4C23424BF15A900EB73E0 /* StatefulPreviewWrapper.swift in Sources */ = {isa = PBXBuildFile; fileRef = 21F4C23324BF15A900EB73E0 /* StatefulPreviewWrapper.swift */; };
		21F4C23624BF267A00EB73E0 /* PlantEditorForm.swift in Sources */ = {isa = PBXBuildFile; fileRef = 21F4C23524BF267A00EB73E0 /* PlantEditorForm.swift */; };
		FB081BA824DCA1D700FB0835 /* CareTaskType.swift in Sources */ = {isa = PBXBuildFile; fileRef = FB081BA724DCA1D700FB0835 /* CareTaskType.swift */; };
		FB081BAC24DCA4BA00FB0835 /* CareTaskType+CoreDataClass.swift in Sources */ = {isa = PBXBuildFile; fileRef = FB081BAA24DCA4BA00FB0835 /* CareTaskType+CoreDataClass.swift */; };
		FB081BAD24DCA4BA00FB0835 /* CareTaskType+CoreDataProperties.swift in Sources */ = {isa = PBXBuildFile; fileRef = FB081BAB24DCA4BA00FB0835 /* CareTaskType+CoreDataProperties.swift */; };
		FB54CAC424D84C17006BB3C5 /* Color+GrowColors.swift in Sources */ = {isa = PBXBuildFile; fileRef = FB54CAC324D84C17006BB3C5 /* Color+GrowColors.swift */; };
		FB54CAC624D886F3006BB3C5 /* GrowPicker.swift in Sources */ = {isa = PBXBuildFile; fileRef = FB54CAC524D886F3006BB3C5 /* GrowPicker.swift */; };
/* End PBXBuildFile section */

/* Begin PBXContainerItemProxy section */
		21BFB41024B67A2400B94A72 /* PBXContainerItemProxy */ = {
			isa = PBXContainerItemProxy;
			containerPortal = 21BFB3A624B66E0800B94A72 /* Project object */;
			proxyType = 1;
			remoteGlobalIDString = 21BFB3AD24B66E0800B94A72;
			remoteInfo = "Grow iOS";
		};
/* End PBXContainerItemProxy section */

/* Begin PBXCopyFilesBuildPhase section */
		21BFB3E824B66F8800B94A72 /* Embed Frameworks */ = {
			isa = PBXCopyFilesBuildPhase;
			buildActionMask = 2147483647;
			dstPath = "";
			dstSubfolderSpec = 10;
			files = (
			);
			name = "Embed Frameworks";
			runOnlyForDeploymentPostprocessing = 0;
		};
/* End PBXCopyFilesBuildPhase section */

/* Begin PBXFileReference section */
		212A1E8924B7664C002C147F /* PlantDetailView.swift */ = {isa = PBXFileReference; lastKnownFileType = sourcecode.swift; path = PlantDetailView.swift; sourceTree = "<group>"; };
		212A1E8B24B893F7002C147F /* CareTaskLog.swift */ = {isa = PBXFileReference; lastKnownFileType = sourcecode.swift; path = CareTaskLog.swift; sourceTree = "<group>"; };
		212A1E9024BD2143002C147F /* CareActivityList.swift */ = {isa = PBXFileReference; lastKnownFileType = sourcecode.swift; path = CareActivityList.swift; sourceTree = "<group>"; };
		212A1E9224BD4BC7002C147F /* RootView.swift */ = {isa = PBXFileReference; lastKnownFileType = sourcecode.swift; path = RootView.swift; sourceTree = "<group>"; };
		212A1E9424BD4EA5002C147F /* Color+SystemColor.swift */ = {isa = PBXFileReference; lastKnownFileType = sourcecode.swift; path = "Color+SystemColor.swift"; sourceTree = "<group>"; };
		212A1E9724BE0F05002C147F /* InsetGroupedSection.swift */ = {isa = PBXFileReference; lastKnownFileType = sourcecode.swift; path = InsetGroupedSection.swift; sourceTree = "<group>"; };
		212A1E9924BE0FAF002C147F /* ListRow.swift */ = {isa = PBXFileReference; lastKnownFileType = sourcecode.swift; path = ListRow.swift; sourceTree = "<group>"; };
		212A1E9B24BE1137002C147F /* StatCell.swift */ = {isa = PBXFileReference; lastKnownFileType = sourcecode.swift; path = StatCell.swift; sourceTree = "<group>"; };
		2193552724BF2C1900F38392 /* UITextFieldWrapper.swift */ = {isa = PBXFileReference; lastKnownFileType = sourcecode.swift; path = UITextFieldWrapper.swift; sourceTree = "<group>"; };
		2193552924C07CC600F38392 /* IntervalPicker.swift */ = {isa = PBXFileReference; lastKnownFileType = sourcecode.swift; path = IntervalPicker.swift; sourceTree = "<group>"; };
		2193552B24C1217E00F38392 /* CareInterval.swift */ = {isa = PBXFileReference; lastKnownFileType = sourcecode.swift; path = CareInterval.swift; sourceTree = "<group>"; };
		21BFB3AE24B66E0800B94A72 /* Grow!.app */ = {isa = PBXFileReference; explicitFileType = wrapper.application; includeInIndex = 0; path = "Grow!.app"; sourceTree = BUILT_PRODUCTS_DIR; };
		21BFB3B124B66E0800B94A72 /* AppDelegate.swift */ = {isa = PBXFileReference; lastKnownFileType = sourcecode.swift; path = AppDelegate.swift; sourceTree = "<group>"; };
		21BFB3B324B66E0800B94A72 /* SceneDelegate.swift */ = {isa = PBXFileReference; lastKnownFileType = sourcecode.swift; path = SceneDelegate.swift; sourceTree = "<group>"; };
		21BFB3B624B66E0800B94A72 /* Grow.xcdatamodel */ = {isa = PBXFileReference; lastKnownFileType = wrapper.xcdatamodel; path = Grow.xcdatamodel; sourceTree = "<group>"; };
		21BFB3B824B66E0800B94A72 /* AllPlantsView.swift */ = {isa = PBXFileReference; lastKnownFileType = sourcecode.swift; path = AllPlantsView.swift; sourceTree = "<group>"; };
		21BFB3BA24B66E0A00B94A72 /* Assets.xcassets */ = {isa = PBXFileReference; lastKnownFileType = folder.assetcatalog; path = Assets.xcassets; sourceTree = "<group>"; };
		21BFB3BD24B66E0A00B94A72 /* Preview Assets.xcassets */ = {isa = PBXFileReference; lastKnownFileType = folder.assetcatalog; path = "Preview Assets.xcassets"; sourceTree = "<group>"; };
		21BFB3C024B66E0A00B94A72 /* Base */ = {isa = PBXFileReference; lastKnownFileType = file.storyboard; name = Base; path = Base.lproj/LaunchScreen.storyboard; sourceTree = "<group>"; };
		21BFB3C224B66E0A00B94A72 /* Info.plist */ = {isa = PBXFileReference; lastKnownFileType = text.plist.xml; path = Info.plist; sourceTree = "<group>"; };
		21BFB3F324B678DB00B94A72 /* GrowModel.swift */ = {isa = PBXFileReference; fileEncoding = 4; lastKnownFileType = sourcecode.swift; path = GrowModel.swift; sourceTree = "<group>"; };
		21BFB3F524B678DC00B94A72 /* RelativeDateFormatter.swift */ = {isa = PBXFileReference; fileEncoding = 4; lastKnownFileType = sourcecode.swift; path = RelativeDateFormatter.swift; sourceTree = "<group>"; };
		21BFB3F624B678DC00B94A72 /* Formatters.swift */ = {isa = PBXFileReference; fileEncoding = 4; lastKnownFileType = sourcecode.swift; path = Formatters.swift; sourceTree = "<group>"; };
		21BFB3F724B678DC00B94A72 /* Plant.swift */ = {isa = PBXFileReference; fileEncoding = 4; lastKnownFileType = sourcecode.swift; path = Plant.swift; sourceTree = "<group>"; };
		21BFB3FD24B6793500B94A72 /* GrowModelTest.swift */ = {isa = PBXFileReference; fileEncoding = 4; lastKnownFileType = sourcecode.swift; path = GrowModelTest.swift; sourceTree = "<group>"; };
		21BFB3FF24B6793500B94A72 /* CareIntervalTest.swift */ = {isa = PBXFileReference; fileEncoding = 4; lastKnownFileType = sourcecode.swift; path = CareIntervalTest.swift; sourceTree = "<group>"; };
		21BFB40B24B67A2400B94A72 /* GrowTests.xctest */ = {isa = PBXFileReference; explicitFileType = wrapper.cfbundle; includeInIndex = 0; path = GrowTests.xctest; sourceTree = BUILT_PRODUCTS_DIR; };
		21BFB40F24B67A2400B94A72 /* Info.plist */ = {isa = PBXFileReference; lastKnownFileType = text.plist.xml; path = Info.plist; sourceTree = "<group>"; };
		21C0C95224D0A39B0062BEA8 /* PlantsTaskList.swift */ = {isa = PBXFileReference; lastKnownFileType = sourcecode.swift; path = PlantsTaskList.swift; sourceTree = "<group>"; };
		21C0C95424D1C8240062BEA8 /* Date+Extension.swift */ = {isa = PBXFileReference; lastKnownFileType = sourcecode.swift; path = "Date+Extension.swift"; sourceTree = "<group>"; };
		21DBE11624D5B6FB00D8CC9C /* GrowTaskCard.swift */ = {isa = PBXFileReference; lastKnownFileType = sourcecode.swift; path = GrowTaskCard.swift; sourceTree = "<group>"; };
		21DC516C24C506A1007372B1 /* CareTask.swift */ = {isa = PBXFileReference; lastKnownFileType = sourcecode.swift; path = CareTask.swift; sourceTree = "<group>"; };
		21DC516F24C50AF2007372B1 /* CareTaskEditor.swift */ = {isa = PBXFileReference; lastKnownFileType = sourcecode.swift; path = CareTaskEditor.swift; sourceTree = "<group>"; };
		21E8883324D60EB300BC0EAC /* SegmentedPicker.swift */ = {isa = PBXFileReference; lastKnownFileType = sourcecode.swift; path = SegmentedPicker.swift; sourceTree = "<group>"; };
		21F49F7324CF809E00ECC828 /* PlantCell.swift */ = {isa = PBXFileReference; lastKnownFileType = sourcecode.swift; path = PlantCell.swift; sourceTree = "<group>"; };
		21F4C23124BF0E2300EB73E0 /* WeekPicker.swift */ = {isa = PBXFileReference; lastKnownFileType = sourcecode.swift; path = WeekPicker.swift; sourceTree = "<group>"; };
		21F4C23324BF15A900EB73E0 /* StatefulPreviewWrapper.swift */ = {isa = PBXFileReference; lastKnownFileType = sourcecode.swift; path = StatefulPreviewWrapper.swift; sourceTree = "<group>"; };
		21F4C23524BF267A00EB73E0 /* PlantEditorForm.swift */ = {isa = PBXFileReference; lastKnownFileType = sourcecode.swift; path = PlantEditorForm.swift; sourceTree = "<group>"; };
		FB081BA724DCA1D700FB0835 /* CareTaskType.swift */ = {isa = PBXFileReference; lastKnownFileType = sourcecode.swift; path = CareTaskType.swift; sourceTree = "<group>"; };
		FB081BAA24DCA4BA00FB0835 /* CareTaskType+CoreDataClass.swift */ = {isa = PBXFileReference; lastKnownFileType = sourcecode.swift; path = "CareTaskType+CoreDataClass.swift"; sourceTree = "<group>"; };
		FB081BAB24DCA4BA00FB0835 /* CareTaskType+CoreDataProperties.swift */ = {isa = PBXFileReference; lastKnownFileType = sourcecode.swift; path = "CareTaskType+CoreDataProperties.swift"; sourceTree = "<group>"; };
		FB54CAC324D84C17006BB3C5 /* Color+GrowColors.swift */ = {isa = PBXFileReference; lastKnownFileType = sourcecode.swift; path = "Color+GrowColors.swift"; sourceTree = "<group>"; };
		FB54CAC524D886F3006BB3C5 /* GrowPicker.swift */ = {isa = PBXFileReference; lastKnownFileType = sourcecode.swift; path = GrowPicker.swift; sourceTree = "<group>"; };
/* End PBXFileReference section */

/* Begin PBXFrameworksBuildPhase section */
		21BFB3AB24B66E0800B94A72 /* Frameworks */ = {
			isa = PBXFrameworksBuildPhase;
			buildActionMask = 2147483647;
			files = (
			);
			runOnlyForDeploymentPostprocessing = 0;
		};
		21BFB40824B67A2400B94A72 /* Frameworks */ = {
			isa = PBXFrameworksBuildPhase;
			buildActionMask = 2147483647;
			files = (
			);
			runOnlyForDeploymentPostprocessing = 0;
		};
/* End PBXFrameworksBuildPhase section */

/* Begin PBXGroup section */
		212A1E8D24BB192C002C147F /* Plant Detail */ = {
			isa = PBXGroup;
			children = (
				212A1E8924B7664C002C147F /* PlantDetailView.swift */,
				212A1E9024BD2143002C147F /* CareActivityList.swift */,
			);
			path = "Plant Detail";
			sourceTree = "<group>";
		};
		212A1E9624BE0EE3002C147F /* Views */ = {
			isa = PBXGroup;
			children = (
				212A1E9724BE0F05002C147F /* InsetGroupedSection.swift */,
				212A1E9924BE0FAF002C147F /* ListRow.swift */,
				212A1E9B24BE1137002C147F /* StatCell.swift */,
				21F4C23124BF0E2300EB73E0 /* WeekPicker.swift */,
				21F4C23324BF15A900EB73E0 /* StatefulPreviewWrapper.swift */,
				21F49F7324CF809E00ECC828 /* PlantCell.swift */,
				21E8883324D60EB300BC0EAC /* SegmentedPicker.swift */,
				FB54CAC524D886F3006BB3C5 /* GrowPicker.swift */,
			);
			path = Views;
			sourceTree = "<group>";
		};
		212A1E9D24BE2768002C147F /* Plant Editor */ = {
			isa = PBXGroup;
			children = (
				21DC516E24C50AD9007372B1 /* CareTaskEditor */,
				21F4C23524BF267A00EB73E0 /* PlantEditorForm.swift */,
				2193552724BF2C1900F38392 /* UITextFieldWrapper.swift */,
			);
			path = "Plant Editor";
			sourceTree = "<group>";
		};
		21BFB3A524B66E0800B94A72 = {
			isa = PBXGroup;
			children = (
				21BFB3B024B66E0800B94A72 /* Shared */,
				21BFB40C24B67A2400B94A72 /* GrowTests */,
				21BFB3AF24B66E0800B94A72 /* Products */,
			);
			sourceTree = "<group>";
		};
		21BFB3AF24B66E0800B94A72 /* Products */ = {
			isa = PBXGroup;
			children = (
				21BFB3AE24B66E0800B94A72 /* Grow!.app */,
				21BFB40B24B67A2400B94A72 /* GrowTests.xctest */,
			);
			name = Products;
			sourceTree = "<group>";
		};
		21BFB3B024B66E0800B94A72 /* Shared */ = {
			isa = PBXGroup;
			children = (
				21C0C95124D0A3840062BEA8 /* PlantsTaskList */,
				212A1E9624BE0EE3002C147F /* Views */,
				212A1E8D24BB192C002C147F /* Plant Detail */,
				212A1E9D24BE2768002C147F /* Plant Editor */,
				21BFB3E924B678A100B94A72 /* Model */,
				21BFB3B124B66E0800B94A72 /* AppDelegate.swift */,
				21BFB3B324B66E0800B94A72 /* SceneDelegate.swift */,
				21BFB3BA24B66E0A00B94A72 /* Assets.xcassets */,
				21BFB3BF24B66E0A00B94A72 /* LaunchScreen.storyboard */,
				21BFB3C224B66E0A00B94A72 /* Info.plist */,
				21BFB3B524B66E0800B94A72 /* Grow.xcdatamodeld */,
				21BFB3BC24B66E0A00B94A72 /* Preview Content */,
				21BFB3B824B66E0800B94A72 /* AllPlantsView.swift */,
				212A1E9224BD4BC7002C147F /* RootView.swift */,
			);
			path = Shared;
			sourceTree = "<group>";
		};
		21BFB3BC24B66E0A00B94A72 /* Preview Content */ = {
			isa = PBXGroup;
			children = (
				21BFB3BD24B66E0A00B94A72 /* Preview Assets.xcassets */,
			);
			path = "Preview Content";
			sourceTree = "<group>";
		};
		21BFB3E924B678A100B94A72 /* Model */ = {
			isa = PBXGroup;
			children = (
				FB081BA924DCA3EE00FB0835 /* CoreData */,
				21BFB3F324B678DB00B94A72 /* GrowModel.swift */,
				21BFB3F424B678DC00B94A72 /* Helpers */,
				21BFB3F724B678DC00B94A72 /* Plant.swift */,
				212A1E8B24B893F7002C147F /* CareTaskLog.swift */,
				2193552B24C1217E00F38392 /* CareInterval.swift */,
				21DC516C24C506A1007372B1 /* CareTask.swift */,
				FB081BA724DCA1D700FB0835 /* CareTaskType.swift */,
			);
			path = Model;
			sourceTree = "<group>";
		};
		21BFB3F424B678DC00B94A72 /* Helpers */ = {
			isa = PBXGroup;
			children = (
				212A1E9424BD4EA5002C147F /* Color+SystemColor.swift */,
				FB54CAC324D84C17006BB3C5 /* Color+GrowColors.swift */,
				21BFB3F524B678DC00B94A72 /* RelativeDateFormatter.swift */,
				21BFB3F624B678DC00B94A72 /* Formatters.swift */,
				21C0C95424D1C8240062BEA8 /* Date+Extension.swift */,
			);
			path = Helpers;
			sourceTree = "<group>";
		};
		21BFB40C24B67A2400B94A72 /* GrowTests */ = {
			isa = PBXGroup;
			children = (
				21BFB3FF24B6793500B94A72 /* CareIntervalTest.swift */,
				21BFB3FD24B6793500B94A72 /* GrowModelTest.swift */,
				21BFB40F24B67A2400B94A72 /* Info.plist */,
			);
			path = GrowTests;
			sourceTree = "<group>";
		};
		21C0C95124D0A3840062BEA8 /* PlantsTaskList */ = {
			isa = PBXGroup;
			children = (
				21C0C95224D0A39B0062BEA8 /* PlantsTaskList.swift */,
				21DBE11624D5B6FB00D8CC9C /* GrowTaskCard.swift */,
			);
			path = PlantsTaskList;
			sourceTree = "<group>";
		};
		21DC516E24C50AD9007372B1 /* CareTaskEditor */ = {
			isa = PBXGroup;
			children = (
				2193552924C07CC600F38392 /* IntervalPicker.swift */,
				21DC516F24C50AF2007372B1 /* CareTaskEditor.swift */,
			);
			path = CareTaskEditor;
			sourceTree = "<group>";
		};
		FB081BA924DCA3EE00FB0835 /* CoreData */ = {
			isa = PBXGroup;
			children = (
				FB081BAA24DCA4BA00FB0835 /* CareTaskType+CoreDataClass.swift */,
				FB081BAB24DCA4BA00FB0835 /* CareTaskType+CoreDataProperties.swift */,
			);
			path = CoreData;
			sourceTree = "<group>";
		};
/* End PBXGroup section */

/* Begin PBXNativeTarget section */
		21BFB3AD24B66E0800B94A72 /* Grow iOS */ = {
			isa = PBXNativeTarget;
			buildConfigurationList = 21BFB3C524B66E0A00B94A72 /* Build configuration list for PBXNativeTarget "Grow iOS" */;
			buildPhases = (
				21BFB3AA24B66E0800B94A72 /* Sources */,
				21BFB3AB24B66E0800B94A72 /* Frameworks */,
				21BFB3AC24B66E0800B94A72 /* Resources */,
				21BFB3E824B66F8800B94A72 /* Embed Frameworks */,
			);
			buildRules = (
			);
			dependencies = (
			);
			name = "Grow iOS";
			productName = Grow;
			productReference = 21BFB3AE24B66E0800B94A72 /* Grow!.app */;
			productType = "com.apple.product-type.application";
		};
		21BFB40A24B67A2400B94A72 /* GrowTests */ = {
			isa = PBXNativeTarget;
			buildConfigurationList = 21BFB41224B67A2400B94A72 /* Build configuration list for PBXNativeTarget "GrowTests" */;
			buildPhases = (
				21BFB40724B67A2400B94A72 /* Sources */,
				21BFB40824B67A2400B94A72 /* Frameworks */,
				21BFB40924B67A2400B94A72 /* Resources */,
			);
			buildRules = (
			);
			dependencies = (
				21BFB41124B67A2400B94A72 /* PBXTargetDependency */,
			);
			name = GrowTests;
			productName = GrowTests;
			productReference = 21BFB40B24B67A2400B94A72 /* GrowTests.xctest */;
			productType = "com.apple.product-type.bundle.unit-test";
		};
/* End PBXNativeTarget section */

/* Begin PBXProject section */
		21BFB3A624B66E0800B94A72 /* Project object */ = {
			isa = PBXProject;
			attributes = {
				LastSwiftUpdateCheck = 1150;
				LastUpgradeCheck = 1150;
				ORGANIZATIONNAME = "Ryan Thally";
				TargetAttributes = {
					21BFB3AD24B66E0800B94A72 = {
						CreatedOnToolsVersion = 11.5;
					};
					21BFB40A24B67A2400B94A72 = {
						CreatedOnToolsVersion = 11.5;
						TestTargetID = 21BFB3AD24B66E0800B94A72;
					};
				};
			};
			buildConfigurationList = 21BFB3A924B66E0800B94A72 /* Build configuration list for PBXProject "Grow" */;
			compatibilityVersion = "Xcode 9.3";
			developmentRegion = en;
			hasScannedForEncodings = 0;
			knownRegions = (
				en,
				Base,
			);
			mainGroup = 21BFB3A524B66E0800B94A72;
			productRefGroup = 21BFB3AF24B66E0800B94A72 /* Products */;
			projectDirPath = "";
			projectRoot = "";
			targets = (
				21BFB3AD24B66E0800B94A72 /* Grow iOS */,
				21BFB40A24B67A2400B94A72 /* GrowTests */,
			);
		};
/* End PBXProject section */

/* Begin PBXResourcesBuildPhase section */
		21BFB3AC24B66E0800B94A72 /* Resources */ = {
			isa = PBXResourcesBuildPhase;
			buildActionMask = 2147483647;
			files = (
				21BFB3C124B66E0A00B94A72 /* LaunchScreen.storyboard in Resources */,
				21BFB3BE24B66E0A00B94A72 /* Preview Assets.xcassets in Resources */,
				21BFB3BB24B66E0A00B94A72 /* Assets.xcassets in Resources */,
			);
			runOnlyForDeploymentPostprocessing = 0;
		};
		21BFB40924B67A2400B94A72 /* Resources */ = {
			isa = PBXResourcesBuildPhase;
			buildActionMask = 2147483647;
			files = (
			);
			runOnlyForDeploymentPostprocessing = 0;
		};
/* End PBXResourcesBuildPhase section */

/* Begin PBXSourcesBuildPhase section */
		21BFB3AA24B66E0800B94A72 /* Sources */ = {
			isa = PBXSourcesBuildPhase;
			buildActionMask = 2147483647;
			files = (
				21BFB3B224B66E0800B94A72 /* AppDelegate.swift in Sources */,
				21F49F7424CF809E00ECC828 /* PlantCell.swift in Sources */,
				FB54CAC624D886F3006BB3C5 /* GrowPicker.swift in Sources */,
				212A1E9124BD2143002C147F /* CareActivityList.swift in Sources */,
				2193552824BF2C1900F38392 /* UITextFieldWrapper.swift in Sources */,
				21BFB3B424B66E0800B94A72 /* SceneDelegate.swift in Sources */,
				21BFB3F824B678DC00B94A72 /* GrowModel.swift in Sources */,
				2193552C24C1217E00F38392 /* CareInterval.swift in Sources */,
				212A1E9524BD4EA5002C147F /* Color+SystemColor.swift in Sources */,
				21C0C95324D0A39B0062BEA8 /* PlantsTaskList.swift in Sources */,
				FB081BA824DCA1D700FB0835 /* CareTaskType.swift in Sources */,
				212A1E9824BE0F05002C147F /* InsetGroupedSection.swift in Sources */,
				21BFB3B924B66E0800B94A72 /* AllPlantsView.swift in Sources */,
				21F4C23224BF0E2300EB73E0 /* WeekPicker.swift in Sources */,
				2193552A24C07CC600F38392 /* IntervalPicker.swift in Sources */,
				212A1E8A24B7664C002C147F /* PlantDetailView.swift in Sources */,
				21DBE11724D5B6FB00D8CC9C /* GrowTaskCard.swift in Sources */,
				21F4C23624BF267A00EB73E0 /* PlantEditorForm.swift in Sources */,
				21BFB3F924B678DC00B94A72 /* RelativeDateFormatter.swift in Sources */,
				FB081BAC24DCA4BA00FB0835 /* CareTaskType+CoreDataClass.swift in Sources */,
				21BFB3FB24B678DC00B94A72 /* Plant.swift in Sources */,
				21F4C23424BF15A900EB73E0 /* StatefulPreviewWrapper.swift in Sources */,
				212A1E9324BD4BC8002C147F /* RootView.swift in Sources */,
				FB54CAC424D84C17006BB3C5 /* Color+GrowColors.swift in Sources */,
				212A1E9A24BE0FAF002C147F /* ListRow.swift in Sources */,
				21DC517024C50AF2007372B1 /* CareTaskEditor.swift in Sources */,
				FB081BAD24DCA4BA00FB0835 /* CareTaskType+CoreDataProperties.swift in Sources */,
				212A1E9C24BE1137002C147F /* StatCell.swift in Sources */,
				21E8883424D60EB300BC0EAC /* SegmentedPicker.swift in Sources */,
				212A1E8C24B893F7002C147F /* CareTaskLog.swift in Sources */,
				21BFB3B724B66E0800B94A72 /* Grow.xcdatamodeld in Sources */,
				21C0C95524D1C8240062BEA8 /* Date+Extension.swift in Sources */,
				21BFB3FA24B678DC00B94A72 /* Formatters.swift in Sources */,
				21DC516D24C506A1007372B1 /* CareTask.swift in Sources */,
			);
			runOnlyForDeploymentPostprocessing = 0;
		};
		21BFB40724B67A2400B94A72 /* Sources */ = {
			isa = PBXSourcesBuildPhase;
			buildActionMask = 2147483647;
			files = (
				21BFB41524B67A5D00B94A72 /* CareIntervalTest.swift in Sources */,
				21BFB41724B67A5D00B94A72 /* GrowModelTest.swift in Sources */,
			);
			runOnlyForDeploymentPostprocessing = 0;
		};
/* End PBXSourcesBuildPhase section */

/* Begin PBXTargetDependency section */
		21BFB41124B67A2400B94A72 /* PBXTargetDependency */ = {
			isa = PBXTargetDependency;
			target = 21BFB3AD24B66E0800B94A72 /* Grow iOS */;
			targetProxy = 21BFB41024B67A2400B94A72 /* PBXContainerItemProxy */;
		};
/* End PBXTargetDependency section */

/* Begin PBXVariantGroup section */
		21BFB3BF24B66E0A00B94A72 /* LaunchScreen.storyboard */ = {
			isa = PBXVariantGroup;
			children = (
				21BFB3C024B66E0A00B94A72 /* Base */,
			);
			name = LaunchScreen.storyboard;
			sourceTree = "<group>";
		};
/* End PBXVariantGroup section */

/* Begin XCBuildConfiguration section */
		21BFB3C324B66E0A00B94A72 /* Debug */ = {
			isa = XCBuildConfiguration;
			buildSettings = {
				ALWAYS_SEARCH_USER_PATHS = NO;
				CLANG_ANALYZER_NONNULL = YES;
				CLANG_ANALYZER_NUMBER_OBJECT_CONVERSION = YES_AGGRESSIVE;
				CLANG_CXX_LANGUAGE_STANDARD = "gnu++14";
				CLANG_CXX_LIBRARY = "libc++";
				CLANG_ENABLE_MODULES = YES;
				CLANG_ENABLE_OBJC_ARC = YES;
				CLANG_ENABLE_OBJC_WEAK = YES;
				CLANG_WARN_BLOCK_CAPTURE_AUTORELEASING = YES;
				CLANG_WARN_BOOL_CONVERSION = YES;
				CLANG_WARN_COMMA = YES;
				CLANG_WARN_CONSTANT_CONVERSION = YES;
				CLANG_WARN_DEPRECATED_OBJC_IMPLEMENTATIONS = YES;
				CLANG_WARN_DIRECT_OBJC_ISA_USAGE = YES_ERROR;
				CLANG_WARN_DOCUMENTATION_COMMENTS = YES;
				CLANG_WARN_EMPTY_BODY = YES;
				CLANG_WARN_ENUM_CONVERSION = YES;
				CLANG_WARN_INFINITE_RECURSION = YES;
				CLANG_WARN_INT_CONVERSION = YES;
				CLANG_WARN_NON_LITERAL_NULL_CONVERSION = YES;
				CLANG_WARN_OBJC_IMPLICIT_RETAIN_SELF = YES;
				CLANG_WARN_OBJC_LITERAL_CONVERSION = YES;
				CLANG_WARN_OBJC_ROOT_CLASS = YES_ERROR;
				CLANG_WARN_RANGE_LOOP_ANALYSIS = YES;
				CLANG_WARN_STRICT_PROTOTYPES = YES;
				CLANG_WARN_SUSPICIOUS_MOVE = YES;
				CLANG_WARN_UNGUARDED_AVAILABILITY = YES_AGGRESSIVE;
				CLANG_WARN_UNREACHABLE_CODE = YES;
				CLANG_WARN__DUPLICATE_METHOD_MATCH = YES;
				COPY_PHASE_STRIP = NO;
				DEBUG_INFORMATION_FORMAT = dwarf;
				ENABLE_STRICT_OBJC_MSGSEND = YES;
				ENABLE_TESTABILITY = YES;
				GCC_C_LANGUAGE_STANDARD = gnu11;
				GCC_DYNAMIC_NO_PIC = NO;
				GCC_NO_COMMON_BLOCKS = YES;
				GCC_OPTIMIZATION_LEVEL = 0;
				GCC_PREPROCESSOR_DEFINITIONS = (
					"DEBUG=1",
					"$(inherited)",
				);
				GCC_WARN_64_TO_32_BIT_CONVERSION = YES;
				GCC_WARN_ABOUT_RETURN_TYPE = YES_ERROR;
				GCC_WARN_UNDECLARED_SELECTOR = YES;
				GCC_WARN_UNINITIALIZED_AUTOS = YES_AGGRESSIVE;
				GCC_WARN_UNUSED_FUNCTION = YES;
				GCC_WARN_UNUSED_VARIABLE = YES;
				IPHONEOS_DEPLOYMENT_TARGET = 13.0;
				MTL_ENABLE_DEBUG_INFO = INCLUDE_SOURCE;
				MTL_FAST_MATH = YES;
				ONLY_ACTIVE_ARCH = YES;
				SDKROOT = iphoneos;
				SWIFT_ACTIVE_COMPILATION_CONDITIONS = DEBUG;
				SWIFT_OPTIMIZATION_LEVEL = "-Onone";
				TARGETED_DEVICE_FAMILY = "1,2";
			};
			name = Debug;
		};
		21BFB3C424B66E0A00B94A72 /* Release */ = {
			isa = XCBuildConfiguration;
			buildSettings = {
				ALWAYS_SEARCH_USER_PATHS = NO;
				CLANG_ANALYZER_NONNULL = YES;
				CLANG_ANALYZER_NUMBER_OBJECT_CONVERSION = YES_AGGRESSIVE;
				CLANG_CXX_LANGUAGE_STANDARD = "gnu++14";
				CLANG_CXX_LIBRARY = "libc++";
				CLANG_ENABLE_MODULES = YES;
				CLANG_ENABLE_OBJC_ARC = YES;
				CLANG_ENABLE_OBJC_WEAK = YES;
				CLANG_WARN_BLOCK_CAPTURE_AUTORELEASING = YES;
				CLANG_WARN_BOOL_CONVERSION = YES;
				CLANG_WARN_COMMA = YES;
				CLANG_WARN_CONSTANT_CONVERSION = YES;
				CLANG_WARN_DEPRECATED_OBJC_IMPLEMENTATIONS = YES;
				CLANG_WARN_DIRECT_OBJC_ISA_USAGE = YES_ERROR;
				CLANG_WARN_DOCUMENTATION_COMMENTS = YES;
				CLANG_WARN_EMPTY_BODY = YES;
				CLANG_WARN_ENUM_CONVERSION = YES;
				CLANG_WARN_INFINITE_RECURSION = YES;
				CLANG_WARN_INT_CONVERSION = YES;
				CLANG_WARN_NON_LITERAL_NULL_CONVERSION = YES;
				CLANG_WARN_OBJC_IMPLICIT_RETAIN_SELF = YES;
				CLANG_WARN_OBJC_LITERAL_CONVERSION = YES;
				CLANG_WARN_OBJC_ROOT_CLASS = YES_ERROR;
				CLANG_WARN_RANGE_LOOP_ANALYSIS = YES;
				CLANG_WARN_STRICT_PROTOTYPES = YES;
				CLANG_WARN_SUSPICIOUS_MOVE = YES;
				CLANG_WARN_UNGUARDED_AVAILABILITY = YES_AGGRESSIVE;
				CLANG_WARN_UNREACHABLE_CODE = YES;
				CLANG_WARN__DUPLICATE_METHOD_MATCH = YES;
				COPY_PHASE_STRIP = NO;
				DEBUG_INFORMATION_FORMAT = "dwarf-with-dsym";
				ENABLE_NS_ASSERTIONS = NO;
				ENABLE_STRICT_OBJC_MSGSEND = YES;
				GCC_C_LANGUAGE_STANDARD = gnu11;
				GCC_NO_COMMON_BLOCKS = YES;
				GCC_WARN_64_TO_32_BIT_CONVERSION = YES;
				GCC_WARN_ABOUT_RETURN_TYPE = YES_ERROR;
				GCC_WARN_UNDECLARED_SELECTOR = YES;
				GCC_WARN_UNINITIALIZED_AUTOS = YES_AGGRESSIVE;
				GCC_WARN_UNUSED_FUNCTION = YES;
				GCC_WARN_UNUSED_VARIABLE = YES;
				IPHONEOS_DEPLOYMENT_TARGET = 13.0;
				MTL_ENABLE_DEBUG_INFO = NO;
				MTL_FAST_MATH = YES;
				SDKROOT = iphoneos;
				SWIFT_COMPILATION_MODE = wholemodule;
				SWIFT_OPTIMIZATION_LEVEL = "-O";
				TARGETED_DEVICE_FAMILY = "1,2";
				VALIDATE_PRODUCT = YES;
			};
			name = Release;
		};
		21BFB3C624B66E0A00B94A72 /* Debug */ = {
			isa = XCBuildConfiguration;
			buildSettings = {
				ASSETCATALOG_COMPILER_APPICON_NAME = AppIcon;
				CODE_SIGN_STYLE = Automatic;
				DEVELOPMENT_ASSET_PATHS = "\"Shared/Preview Content\"";
				DEVELOPMENT_TEAM = B3L9HWP3QN;
				ENABLE_PREVIEWS = YES;
				INFOPLIST_FILE = Shared/Info.plist;
				IPHONEOS_DEPLOYMENT_TARGET = 13.0;
				LD_RUNPATH_SEARCH_PATHS = (
					"$(inherited)",
					"@executable_path/Frameworks",
				);
				PRODUCT_BUNDLE_IDENTIFIER = dev.ryanthally.Grow;
				PRODUCT_NAME = "Grow!";
				SWIFT_VERSION = 5.0;
				TARGETED_DEVICE_FAMILY = "1,2";
			};
			name = Debug;
		};
		21BFB3C724B66E0A00B94A72 /* Release */ = {
			isa = XCBuildConfiguration;
			buildSettings = {
				ASSETCATALOG_COMPILER_APPICON_NAME = AppIcon;
				CODE_SIGN_STYLE = Automatic;
				DEVELOPMENT_ASSET_PATHS = "\"Shared/Preview Content\"";
				DEVELOPMENT_TEAM = B3L9HWP3QN;
				ENABLE_PREVIEWS = YES;
				INFOPLIST_FILE = Shared/Info.plist;
				IPHONEOS_DEPLOYMENT_TARGET = 13.0;
				LD_RUNPATH_SEARCH_PATHS = (
					"$(inherited)",
					"@executable_path/Frameworks",
				);
				PRODUCT_BUNDLE_IDENTIFIER = dev.ryanthally.Grow;
				PRODUCT_NAME = "Grow!";
				SWIFT_VERSION = 5.0;
				TARGETED_DEVICE_FAMILY = "1,2";
			};
			name = Release;
		};
		21BFB41324B67A2400B94A72 /* Debug */ = {
			isa = XCBuildConfiguration;
			buildSettings = {
				BUNDLE_LOADER = "$(TEST_HOST)";
				CODE_SIGN_STYLE = Automatic;
				DEVELOPMENT_TEAM = B3L9HWP3QN;
				INFOPLIST_FILE = GrowTests/Info.plist;
				IPHONEOS_DEPLOYMENT_TARGET = 13.5;
				LD_RUNPATH_SEARCH_PATHS = (
					"$(inherited)",
					"@executable_path/Frameworks",
					"@loader_path/Frameworks",
				);
				PRODUCT_BUNDLE_IDENTIFIER = dev.ryanthally.GrowTests;
				PRODUCT_NAME = "$(TARGET_NAME)";
				SWIFT_VERSION = 5.0;
				TARGETED_DEVICE_FAMILY = "1,2";
				TEST_HOST = "$(BUILT_PRODUCTS_DIR)/Grow!.app/Grow!";
			};
			name = Debug;
		};
		21BFB41424B67A2400B94A72 /* Release */ = {
			isa = XCBuildConfiguration;
			buildSettings = {
				BUNDLE_LOADER = "$(TEST_HOST)";
				CODE_SIGN_STYLE = Automatic;
				DEVELOPMENT_TEAM = B3L9HWP3QN;
				INFOPLIST_FILE = GrowTests/Info.plist;
				IPHONEOS_DEPLOYMENT_TARGET = 13.5;
				LD_RUNPATH_SEARCH_PATHS = (
					"$(inherited)",
					"@executable_path/Frameworks",
					"@loader_path/Frameworks",
				);
				PRODUCT_BUNDLE_IDENTIFIER = dev.ryanthally.GrowTests;
				PRODUCT_NAME = "$(TARGET_NAME)";
				SWIFT_VERSION = 5.0;
				TARGETED_DEVICE_FAMILY = "1,2";
				TEST_HOST = "$(BUILT_PRODUCTS_DIR)/Grow!.app/Grow!";
			};
			name = Release;
		};
/* End XCBuildConfiguration section */

/* Begin XCConfigurationList section */
		21BFB3A924B66E0800B94A72 /* Build configuration list for PBXProject "Grow" */ = {
			isa = XCConfigurationList;
			buildConfigurations = (
				21BFB3C324B66E0A00B94A72 /* Debug */,
				21BFB3C424B66E0A00B94A72 /* Release */,
			);
			defaultConfigurationIsVisible = 0;
			defaultConfigurationName = Release;
		};
		21BFB3C524B66E0A00B94A72 /* Build configuration list for PBXNativeTarget "Grow iOS" */ = {
			isa = XCConfigurationList;
			buildConfigurations = (
				21BFB3C624B66E0A00B94A72 /* Debug */,
				21BFB3C724B66E0A00B94A72 /* Release */,
			);
			defaultConfigurationIsVisible = 0;
			defaultConfigurationName = Release;
		};
		21BFB41224B67A2400B94A72 /* Build configuration list for PBXNativeTarget "GrowTests" */ = {
			isa = XCConfigurationList;
			buildConfigurations = (
				21BFB41324B67A2400B94A72 /* Debug */,
				21BFB41424B67A2400B94A72 /* Release */,
			);
			defaultConfigurationIsVisible = 0;
			defaultConfigurationName = Release;
		};
/* End XCConfigurationList section */

/* Begin XCVersionGroup section */
		21BFB3B524B66E0800B94A72 /* Grow.xcdatamodeld */ = {
			isa = XCVersionGroup;
			children = (
				21BFB3B624B66E0800B94A72 /* Grow.xcdatamodel */,
			);
			currentVersion = 21BFB3B624B66E0800B94A72 /* Grow.xcdatamodel */;
			path = Grow.xcdatamodeld;
			sourceTree = "<group>";
			versionGroupType = wrapper.xcdatamodel;
		};
/* End XCVersionGroup section */
	};
	rootObject = 21BFB3A624B66E0800B94A72 /* Project object */;
}
